
Microsoft Visual Studio Solution File, Format Version 12.00
# Visual Studio Version 17
VisualStudioVersion = 17.4.33103.184
MinimumVisualStudioVersion = 10.0.40219.1
Project("{FAE04EC0-301F-11D3-BF4B-00C04F79EFBC}") = "GMapTask", "GMapTask.csproj", "{ABF7E3AC-EE54-4281-BF8E-594872627607}"
EndProject
Global
	GlobalSection(SolutionConfigurationPlatforms) = preSolution
		Debug|Any CPU = Debug|Any CPU
		Release|Any CPU = Release|Any CPU
	EndGlobalSection
	GlobalSection(ProjectConfigurationPlatforms) = postSolution
		{ABF7E3AC-EE54-4281-BF8E-594872627607}.Debug|Any CPU.ActiveCfg = Debug|Any CPU
		{ABF7E3AC-EE54-4281-BF8E-594872627607}.Debug|Any CPU.Build.0 = Debug|Any CPU
		{ABF7E3AC-EE54-4281-BF8E-594872627607}.Release|Any CPU.ActiveCfg = Release|Any CPU
		{ABF7E3AC-EE54-4281-BF8E-594872627607}.Release|Any CPU.Build.0 = Release|Any CPU
	EndGlobalSection
	GlobalSection(SolutionProperties) = preSolution
		HideSolutionNode = FALSE
	EndGlobalSection
	GlobalSection(ExtensibilityGlobals) = postSolution
		SolutionGuid = {0FE4131A-5DEE-48E2-B492-8300F893027D}
	EndGlobalSection
EndGlobal
